
Microsoft Visual Studio Solution File, Format Version 12.00
# Visual Studio Version 16
VisualStudioVersion = 16.0.33801.447
MinimumVisualStudioVersion = 10.0.40219.1
Project("{8BC9CEB8-8B4A-11D0-8D11-00A0C91BC942}") = "数组的使用和三子棋", "数组的使用和三子棋.vcxproj", "{BEE6720E-175F-41C1-BC6E-81B888AA644E}"
EndProject
Global
	GlobalSection(SolutionConfigurationPlatforms) = preSolution
		Debug|x64 = Debug|x64
		Debug|x86 = Debug|x86
		Release|x64 = Release|x64
		Release|x86 = Release|x86
	EndGlobalSection
	GlobalSection(ProjectConfigurationPlatforms) = postSolution
		{BEE6720E-175F-41C1-BC6E-81B888AA644E}.Debug|x64.ActiveCfg = Debug|x64
		{BEE6720E-175F-41C1-BC6E-81B888AA644E}.Debug|x64.Build.0 = Debug|x64
		{BEE6720E-175F-41C1-BC6E-81B888AA644E}.Debug|x86.ActiveCfg = Debug|Win32
		{BEE6720E-175F-41C1-BC6E-81B888AA644E}.Debug|x86.Build.0 = Debug|Win32
		{BEE6720E-175F-41C1-BC6E-81B888AA644E}.Release|x64.ActiveCfg = Release|x64
		{BEE6720E-175F-41C1-BC6E-81B888AA644E}.Release|x64.Build.0 = Release|x64
		{BEE6720E-175F-41C1-BC6E-81B888AA644E}.Release|x86.ActiveCfg = Release|Win32
		{BEE6720E-175F-41C1-BC6E-81B888AA644E}.Release|x86.Build.0 = Release|Win32
	EndGlobalSection
	GlobalSection(SolutionProperties) = preSolution
		HideSolutionNode = FALSE
	EndGlobalSection
	GlobalSection(ExtensibilityGlobals) = postSolution
		SolutionGuid = {EEE4355E-5CE5-4F5F-BE6D-AA6D66126971}
	EndGlobalSection
EndGlobal
